
Microsoft Visual Studio Solution File, Format Version 12.00
# Visual Studio 15
VisualStudioVersion = 15.0.27703.2035
MinimumVisualStudioVersion = 10.0.40219.1
Project("{FAE04EC0-301F-11D3-BF4B-00C04F79EFBC}") = "Arena", "Arena\Arena.csproj", "{A6EBD719-BA16-4124-9366-1A0709FA8938}"
EndProject
Global
	GlobalSection(SolutionConfigurationPlatforms) = preSolution
		Debug|Any CPU = Debug|Any CPU
		Release|Any CPU = Release|Any CPU
	EndGlobalSection
	GlobalSection(ProjectConfigurationPlatforms) = postSolution
		{A6EBD719-BA16-4124-9366-1A0709FA8938}.Debug|Any CPU.ActiveCfg = Debug|Any CPU
		{A6EBD719-BA16-4124-9366-1A0709FA8938}.Debug|Any CPU.Build.0 = Debug|Any CPU
		{A6EBD719-BA16-4124-9366-1A0709FA8938}.Release|Any CPU.ActiveCfg = Release|Any CPU
		{A6EBD719-BA16-4124-9366-1A0709FA8938}.Release|Any CPU.Build.0 = Release|Any CPU
	EndGlobalSection
	GlobalSection(SolutionProperties) = preSolution
		HideSolutionNode = FALSE
	EndGlobalSection
	GlobalSection(ExtensibilityGlobals) = postSolution
		SolutionGuid = {963DA393-3850-4B1B-9B84-FAB35B35718D}
	EndGlobalSection
EndGlobal
